
Microsoft Visual Studio Solution File, Format Version 12.00
# Visual Studio Version 17
VisualStudioVersion = 17.6.33815.320
MinimumVisualStudioVersion = 10.0.40219.1
Project("{FAE04EC0-301F-11D3-BF4B-00C04F79EFBC}") = "ModelTransfer", "ModelTransfer\ModelTransfer.csproj", "{46CEFD8B-8414-49EF-89AD-9E26A7157594}"
EndProject
Project("{FAE04EC0-301F-11D3-BF4B-00C04F79EFBC}") = "UtilityTools", "..\UtilityTools\UtilityTools\UtilityTools.csproj", "{958E338D-E246-40FB-B1C4-8B362756BBB5}"
EndProject
Global
	GlobalSection(SolutionConfigurationPlatforms) = preSolution
		Debug|Any CPU = Debug|Any CPU
		Release|Any CPU = Release|Any CPU
	EndGlobalSection
	GlobalSection(ProjectConfigurationPlatforms) = postSolution
		{46CEFD8B-8414-49EF-89AD-9E26A7157594}.Debug|Any CPU.ActiveCfg = Debug|Any CPU
		{46CEFD8B-8414-49EF-89AD-9E26A7157594}.Debug|Any CPU.Build.0 = Debug|Any CPU
		{46CEFD8B-8414-49EF-89AD-9E26A7157594}.Release|Any CPU.ActiveCfg = Release|Any CPU
		{46CEFD8B-8414-49EF-89AD-9E26A7157594}.Release|Any CPU.Build.0 = Release|Any CPU
		{958E338D-E246-40FB-B1C4-8B362756BBB5}.Debug|Any CPU.ActiveCfg = Debug|Any CPU
		{958E338D-E246-40FB-B1C4-8B362756BBB5}.Debug|Any CPU.Build.0 = Debug|Any CPU
		{958E338D-E246-40FB-B1C4-8B362756BBB5}.Release|Any CPU.ActiveCfg = Release|Any CPU
		{958E338D-E246-40FB-B1C4-8B362756BBB5}.Release|Any CPU.Build.0 = Release|Any CPU
	EndGlobalSection
	GlobalSection(SolutionProperties) = preSolution
		HideSolutionNode = FALSE
	EndGlobalSection
	GlobalSection(ExtensibilityGlobals) = postSolution
		SolutionGuid = {88BB7C9B-C00A-4EB6-A659-F7EBED80F097}
	EndGlobalSection
EndGlobal
